<?xml version="1.0" encoding="utf-8"?>
<Project ToolsVersion="4.0" xmlns="http://schemas.microsoft.com/developer/msbuild/2003">
  <ItemGroup>
    <ClInclude Include="LinearAlgebra\Models\CSR.h" />
    <ClInclude Include="LinearAlgebra\Models\LILCSR.h" />
    <ClInclude Include="LinearAlgebra\Solvers\CG.h" />
    <ClInclude Include="PrePost\ImportExport\Export.h" />
    <ClInclude Include="PrePost\ImportExport\Import.h" />
    <ClInclude Include="FEM\Controller\BoundaryCondition.h" />
    <ClInclude Include="LinearAlgebra\Models\Vector.h" />
    <ClInclude Include="FEM\Equation\PlaneStrain.h" />
    <ClInclude Include="FEM\Controller\Assembling.h" />
    <ClInclude Include="FEM\Equation\HeatTransfer.h" />
  </ItemGroup>
  <ItemGroup>
    <ClCompile Include="main.cpp" />
  </ItemGroup>
  <ItemGroup>
    <None Include="Data\Solid\TriangleBeam\Node.csv" />
    <None Include="Data\Solid\TriangleBeam\Element.csv" />
    <None Include="Data\Solid\TriangleBeam\System.csv" />
  </ItemGroup>
</Project>